{
    "hash": "63aa23a2f69324c9c6a6a66083b5a28d",
    "packages": [
        {
            "package": "slim/extras",
            "version": "1.0.2"
        },
        {
            "package": "slim/slim",
            "version": "1.6.3"
        },
        {
            "package": "smarty/smarty",
            "version": "v3.1.11"
        }
    ],
    "packages-dev": null,
    "aliases": [

    ],
    "minimum-stability": "stable",
    "stability-flags": [

    ]
}
