{
    "hash": "b7274806f26e66e3d947e9f1905f3440",
    "packages": [
        {
            "package": "lightopenid/lightopenid",
            "version": "dev-composer",
            "source-reference": "c46af663a4b57e22ee9d7472674c967e97887597",
            "commit-date": "1332838638"
        },
        {
            "package": "slim/extras",
            "version": "1.0.2"
        },
        {
            "package": "slim/slim",
            "version": "1.6.2"
        },
        {
            "package": "smarty/smarty",
            "version": "v3.1.11"
        }
    ],
    "packages-dev": null,
    "aliases": [

    ],
    "minimum-stability": "stable",
    "stability-flags": {
        "lightopenid/lightopenid": 20
    }
}
